Microsoft Visual Studio Solution File, Format Version 12.00
# Visual Studio Version 17
VisualStudioVersion = 17.5.2.0
MinimumVisualStudioVersion = 10.0.40219.1
Project("{FAE04EC0-301F-11D3-BF4B-00C04F79EFBC}") = "TxtsnDungeons", "TxtsnDungeons.csproj", "{541B2850-7326-F8C5-24DD-F12652C2BCCF}"
EndProject
Global
	GlobalSection(SolutionConfigurationPlatforms) = preSolution
		Debug|Any CPU = Debug|Any CPU
		Release|Any CPU = Release|Any CPU
	EndGlobalSection
	GlobalSection(ProjectConfigurationPlatforms) = postSolution
		{541B2850-7326-F8C5-24DD-F12652C2BCCF}.Debug|Any CPU.ActiveCfg = Debug|Any CPU
		{541B2850-7326-F8C5-24DD-F12652C2BCCF}.Debug|Any CPU.Build.0 = Debug|Any CPU
		{541B2850-7326-F8C5-24DD-F12652C2BCCF}.Release|Any CPU.ActiveCfg = Release|Any CPU
		{541B2850-7326-F8C5-24DD-F12652C2BCCF}.Release|Any CPU.Build.0 = Release|Any CPU
	EndGlobalSection
	GlobalSection(SolutionProperties) = preSolution
		HideSolutionNode = FALSE
	EndGlobalSection
	GlobalSection(ExtensibilityGlobals) = postSolution
		SolutionGuid = {34A17AD8-035F-432B-BCBA-C0627C77A624}
	EndGlobalSection
EndGlobal
